
Microsoft Visual Studio Solution File, Format Version 12.00
# Visual Studio Version 16
VisualStudioVersion = 16.0.29905.134
MinimumVisualStudioVersion = 10.0.40219.1
Project("{FAE04EC0-301F-11D3-BF4B-00C04F79EFBC}") = "TestApp", "TestApp.csproj", "{8D1AF40B-85BD-426E-A782-B42C9282608B}"
EndProject
Global
	GlobalSection(SolutionConfigurationPlatforms) = preSolution
		Debug|Any CPU = Debug|Any CPU
		Release|Any CPU = Release|Any CPU
	EndGlobalSection
	GlobalSection(ProjectConfigurationPlatforms) = postSolution
		{8D1AF40B-85BD-426E-A782-B42C9282608B}.Debug|Any CPU.ActiveCfg = Debug|Any CPU
		{8D1AF40B-85BD-426E-A782-B42C9282608B}.Debug|Any CPU.Build.0 = Debug|Any CPU
		{8D1AF40B-85BD-426E-A782-B42C9282608B}.Release|Any CPU.ActiveCfg = Release|Any CPU
		{8D1AF40B-85BD-426E-A782-B42C9282608B}.Release|Any CPU.Build.0 = Release|Any CPU
	EndGlobalSection
	GlobalSection(SolutionProperties) = preSolution
		HideSolutionNode = FALSE
	EndGlobalSection
	GlobalSection(ExtensibilityGlobals) = postSolution
		SolutionGuid = {4106125A-5D28-487C-8AF1-51B4F59041DE}
	EndGlobalSection
EndGlobal
